
Microsoft Visual Studio Solution File, Format Version 12.00
# Visual Studio Version 16
VisualStudioVersion = 16.0.29424.173
MinimumVisualStudioVersion = 10.0.40219.1
Project("{FAE04EC0-301F-11D3-BF4B-00C04F79EFBC}") = "BricandodeCodar", "BricandodeCodar\BricandodeCodar.csproj", "{5D868E1E-8511-4CFC-97A5-A6B63A15068F}"
EndProject
Project("{FAE04EC0-301F-11D3-BF4B-00C04F79EFBC}") = "Petshop", "Petshop\Petshop.csproj", "{B3796BAE-5160-4CBD-A87A-F104C1888F9D}"
EndProject
Global
	GlobalSection(SolutionConfigurationPlatforms) = preSolution
		Debug|Any CPU = Debug|Any CPU
		Release|Any CPU = Release|Any CPU
	EndGlobalSection
	GlobalSection(ProjectConfigurationPlatforms) = postSolution
		{5D868E1E-8511-4CFC-97A5-A6B63A15068F}.Debug|Any CPU.ActiveCfg = Debug|Any CPU
		{5D868E1E-8511-4CFC-97A5-A6B63A15068F}.Debug|Any CPU.Build.0 = Debug|Any CPU
		{5D868E1E-8511-4CFC-97A5-A6B63A15068F}.Release|Any CPU.ActiveCfg = Release|Any CPU
		{5D868E1E-8511-4CFC-97A5-A6B63A15068F}.Release|Any CPU.Build.0 = Release|Any CPU
		{B3796BAE-5160-4CBD-A87A-F104C1888F9D}.Debug|Any CPU.ActiveCfg = Debug|Any CPU
		{B3796BAE-5160-4CBD-A87A-F104C1888F9D}.Debug|Any CPU.Build.0 = Debug|Any CPU
		{B3796BAE-5160-4CBD-A87A-F104C1888F9D}.Release|Any CPU.ActiveCfg = Release|Any CPU
		{B3796BAE-5160-4CBD-A87A-F104C1888F9D}.Release|Any CPU.Build.0 = Release|Any CPU
	EndGlobalSection
	GlobalSection(SolutionProperties) = preSolution
		HideSolutionNode = FALSE
	EndGlobalSection
	GlobalSection(ExtensibilityGlobals) = postSolution
		SolutionGuid = {EB817529-6FE3-4BC4-8851-BE208F77E441}
	EndGlobalSection
EndGlobal
