
Microsoft Visual Studio Solution File, Format Version 12.00
# Visual Studio Version 16
VisualStudioVersion = 16.0.29424.173
MinimumVisualStudioVersion = 10.0.40219.1
Project("{FAE04EC0-301F-11D3-BF4B-00C04F79EFBC}") = "EscolaDeProgramcao", "EscolaDeProgramcao\EscolaDeProgramcao.csproj", "{60357DBC-7750-4925-B464-E3CB679ED04A}"
EndProject
Global
	GlobalSection(SolutionConfigurationPlatforms) = preSolution
		Debug|Any CPU = Debug|Any CPU
		Release|Any CPU = Release|Any CPU
	EndGlobalSection
	GlobalSection(ProjectConfigurationPlatforms) = postSolution
		{60357DBC-7750-4925-B464-E3CB679ED04A}.Debug|Any CPU.ActiveCfg = Debug|Any CPU
		{60357DBC-7750-4925-B464-E3CB679ED04A}.Debug|Any CPU.Build.0 = Debug|Any CPU
		{60357DBC-7750-4925-B464-E3CB679ED04A}.Release|Any CPU.ActiveCfg = Release|Any CPU
		{60357DBC-7750-4925-B464-E3CB679ED04A}.Release|Any CPU.Build.0 = Release|Any CPU
	EndGlobalSection
	GlobalSection(SolutionProperties) = preSolution
		HideSolutionNode = FALSE
	EndGlobalSection
	GlobalSection(ExtensibilityGlobals) = postSolution
		SolutionGuid = {3DC8E019-C267-4EA1-87F2-DA2BEC36E5EA}
	EndGlobalSection
EndGlobal
